
Microsoft Visual Studio Solution File, Format Version 12.00
# Visual Studio Version 16
VisualStudioVersion = 16.0.29905.134
MinimumVisualStudioVersion = 10.0.40219.1
Project("{9A19103F-16F7-4668-BE54-9A1E7A4F7556}") = "UUMS.Domain", "UUMS.Domain\UUMS.Domain.csproj", "{C71044EB-1B2E-4A0E-B338-4DAC529447EE}"
EndProject
Project("{9A19103F-16F7-4668-BE54-9A1E7A4F7556}") = "UUMS.API", "UUMS.API\UUMS.API.csproj", "{B214D54A-C297-4C9F-B29D-A8F8D014A15A}"
EndProject
Project("{9A19103F-16F7-4668-BE54-9A1E7A4F7556}") = "UUMS.Infrastructure", "UUMS.Infrastructure\UUMS.Infrastructure.csproj", "{08C13012-255A-4411-A75B-E4527FDEBABB}"
EndProject
Project("{9A19103F-16F7-4668-BE54-9A1E7A4F7556}") = "UUMS.Application", "UUMS.Application\UUMS.Application.csproj", "{C3BA67F5-0267-4D81-A676-60F17DF7F4E3}"
EndProject
Project("{2150E333-8FDC-42A3-9474-1A3956D46DE8}") = "2.接口", "2.接口", "{53EC6830-AA1C-4628-8B40-FFAE7BD25B88}"
EndProject
Project("{2150E333-8FDC-42A3-9474-1A3956D46DE8}") = "ApiGateway", "ApiGateway", "{086E5FBA-984B-4CEF-9171-B2A386F3CEBA}"
EndProject
Project("{9A19103F-16F7-4668-BE54-9A1E7A4F7556}") = "OcelotApiGateway", "OcelotApiGateway\OcelotApiGateway.csproj", "{3B8ECF69-5174-46B8-85F9-03F43F3CA45F}"
EndProject
Project("{9A19103F-16F7-4668-BE54-9A1E7A4F7556}") = "TestA", "TestA\TestA.csproj", "{DEA1AC61-6BFC-48F5-85BD-E1E65D957D66}"
EndProject
Project("{2150E333-8FDC-42A3-9474-1A3956D46DE8}") = "1.公共库", "1.公共库", "{04C5363D-FD1A-4A3D-AD7E-508D456E22B2}"
EndProject
Project("{9A19103F-16F7-4668-BE54-9A1E7A4F7556}") = "UUMS.IdentityServer.Api", "UUMS.IdentityServer.Api\UUMS.IdentityServer.Api.csproj", "{0FE34E2F-275F-4F8B-8925-46A125A69736}"
EndProject
Project("{2150E333-8FDC-42A3-9474-1A3956D46DE8}") = "Solution Items", "Solution Items", "{3BBF5CB3-AB09-4066-B245-12F7139678F5}"
	ProjectSection(SolutionItems) = preProject
		.editorconfig = .editorconfig
	EndProjectSection
EndProject
Global
	GlobalSection(SolutionConfigurationPlatforms) = preSolution
		Debug|Any CPU = Debug|Any CPU
		Release|Any CPU = Release|Any CPU
	EndGlobalSection
	GlobalSection(ProjectConfigurationPlatforms) = postSolution
		{C71044EB-1B2E-4A0E-B338-4DAC529447EE}.Debug|Any CPU.ActiveCfg = Debug|Any CPU
		{C71044EB-1B2E-4A0E-B338-4DAC529447EE}.Debug|Any CPU.Build.0 = Debug|Any CPU
		{C71044EB-1B2E-4A0E-B338-4DAC529447EE}.Release|Any CPU.ActiveCfg = Release|Any CPU
		{C71044EB-1B2E-4A0E-B338-4DAC529447EE}.Release|Any CPU.Build.0 = Release|Any CPU
		{B214D54A-C297-4C9F-B29D-A8F8D014A15A}.Debug|Any CPU.ActiveCfg = Debug|Any CPU
		{B214D54A-C297-4C9F-B29D-A8F8D014A15A}.Debug|Any CPU.Build.0 = Debug|Any CPU
		{B214D54A-C297-4C9F-B29D-A8F8D014A15A}.Release|Any CPU.ActiveCfg = Release|Any CPU
		{B214D54A-C297-4C9F-B29D-A8F8D014A15A}.Release|Any CPU.Build.0 = Release|Any CPU
		{08C13012-255A-4411-A75B-E4527FDEBABB}.Debug|Any CPU.ActiveCfg = Debug|Any CPU
		{08C13012-255A-4411-A75B-E4527FDEBABB}.Debug|Any CPU.Build.0 = Debug|Any CPU
		{08C13012-255A-4411-A75B-E4527FDEBABB}.Release|Any CPU.ActiveCfg = Release|Any CPU
		{08C13012-255A-4411-A75B-E4527FDEBABB}.Release|Any CPU.Build.0 = Release|Any CPU
		{C3BA67F5-0267-4D81-A676-60F17DF7F4E3}.Debug|Any CPU.ActiveCfg = Debug|Any CPU
		{C3BA67F5-0267-4D81-A676-60F17DF7F4E3}.Debug|Any CPU.Build.0 = Debug|Any CPU
		{C3BA67F5-0267-4D81-A676-60F17DF7F4E3}.Release|Any CPU.ActiveCfg = Release|Any CPU
		{C3BA67F5-0267-4D81-A676-60F17DF7F4E3}.Release|Any CPU.Build.0 = Release|Any CPU
		{3B8ECF69-5174-46B8-85F9-03F43F3CA45F}.Debug|Any CPU.ActiveCfg = Debug|Any CPU
		{3B8ECF69-5174-46B8-85F9-03F43F3CA45F}.Debug|Any CPU.Build.0 = Debug|Any CPU
		{3B8ECF69-5174-46B8-85F9-03F43F3CA45F}.Release|Any CPU.ActiveCfg = Release|Any CPU
		{3B8ECF69-5174-46B8-85F9-03F43F3CA45F}.Release|Any CPU.Build.0 = Release|Any CPU
		{DEA1AC61-6BFC-48F5-85BD-E1E65D957D66}.Debug|Any CPU.ActiveCfg = Debug|Any CPU
		{DEA1AC61-6BFC-48F5-85BD-E1E65D957D66}.Debug|Any CPU.Build.0 = Debug|Any CPU
		{DEA1AC61-6BFC-48F5-85BD-E1E65D957D66}.Release|Any CPU.ActiveCfg = Release|Any CPU
		{DEA1AC61-6BFC-48F5-85BD-E1E65D957D66}.Release|Any CPU.Build.0 = Release|Any CPU
		{0FE34E2F-275F-4F8B-8925-46A125A69736}.Debug|Any CPU.ActiveCfg = Debug|Any CPU
		{0FE34E2F-275F-4F8B-8925-46A125A69736}.Debug|Any CPU.Build.0 = Debug|Any CPU
		{0FE34E2F-275F-4F8B-8925-46A125A69736}.Release|Any CPU.ActiveCfg = Release|Any CPU
		{0FE34E2F-275F-4F8B-8925-46A125A69736}.Release|Any CPU.Build.0 = Release|Any CPU
	EndGlobalSection
	GlobalSection(SolutionProperties) = preSolution
		HideSolutionNode = FALSE
	EndGlobalSection
	GlobalSection(NestedProjects) = preSolution
		{C71044EB-1B2E-4A0E-B338-4DAC529447EE} = {04C5363D-FD1A-4A3D-AD7E-508D456E22B2}
		{B214D54A-C297-4C9F-B29D-A8F8D014A15A} = {53EC6830-AA1C-4628-8B40-FFAE7BD25B88}
		{08C13012-255A-4411-A75B-E4527FDEBABB} = {04C5363D-FD1A-4A3D-AD7E-508D456E22B2}
		{C3BA67F5-0267-4D81-A676-60F17DF7F4E3} = {04C5363D-FD1A-4A3D-AD7E-508D456E22B2}
		{3B8ECF69-5174-46B8-85F9-03F43F3CA45F} = {086E5FBA-984B-4CEF-9171-B2A386F3CEBA}
		{0FE34E2F-275F-4F8B-8925-46A125A69736} = {53EC6830-AA1C-4628-8B40-FFAE7BD25B88}
	EndGlobalSection
	GlobalSection(ExtensibilityGlobals) = postSolution
		SolutionGuid = {CE2A53EF-2EC1-4148-85F7-28CC88EA3AEC}
	EndGlobalSection
EndGlobal
